
Microsoft Visual Studio Solution File, Format Version 12.00
# Visual Studio Version 16
VisualStudioVersion = 16.0.810.6
MinimumVisualStudioVersion = 10.0.40219.1
Project("{FAE04EC0-301F-11D3-BF4B-00C04F79EFBC}") = "Iterator", "Iterator\Iterator.csproj", "{09E99D14-4DD7-4C87-AD3D-2631A7D5E9C4}"
EndProject
Project("{FAE04EC0-301F-11D3-BF4B-00C04F79EFBC}") = "Adapter", "Adapter\Adapter.csproj", "{121549D2-C291-4B96-A621-861B7ECB9118}"
EndProject
Project("{FAE04EC0-301F-11D3-BF4B-00C04F79EFBC}") = "Adapter2", "Adapter2\Adapter2.csproj", "{49652A29-DEAF-401D-AF80-A88CD41404F1}"
EndProject
Project("{FAE04EC0-301F-11D3-BF4B-00C04F79EFBC}") = "TemplateMethod", "TemplateMethod\TemplateMethod.csproj", "{1F6B63A9-8648-4EE3-BE8E-FD20A711E8D4}"
EndProject
Project("{FAE04EC0-301F-11D3-BF4B-00C04F79EFBC}") = "FactoryMethod", "FactoryMethod\FactoryMethod.csproj", "{B992A7A4-C230-4172-A492-01376B3C4464}"
EndProject
Project("{FAE04EC0-301F-11D3-BF4B-00C04F79EFBC}") = "Singleton", "Singleton\Singleton.csproj", "{9E368FA9-1FD8-47C8-BAC3-02BD097D2431}"
EndProject
Project("{FAE04EC0-301F-11D3-BF4B-00C04F79EFBC}") = "Prototype", "Prototype\Prototype.csproj", "{CE7EE38E-B1CC-43F7-A15A-C81592666917}"
EndProject
Project("{FAE04EC0-301F-11D3-BF4B-00C04F79EFBC}") = "Builder", "Builder\Builder.csproj", "{8F5028F0-A3E6-4648-BD91-E7DB2F4CD2AD}"
EndProject
Project("{FAE04EC0-301F-11D3-BF4B-00C04F79EFBC}") = "AbstractFactory", "AbstractFactory\AbstractFactory.csproj", "{0881050E-8D31-4C76-B4B9-5E29A6FA54AF}"
EndProject
Project("{FAE04EC0-301F-11D3-BF4B-00C04F79EFBC}") = "Bridge", "Bridge\Bridge.csproj", "{6F4B22DE-AC55-4E65-9AAC-5D1E886560F3}"
EndProject
Project("{FAE04EC0-301F-11D3-BF4B-00C04F79EFBC}") = "Strategy", "Strategy\Strategy.csproj", "{6C1ED01B-39AA-46AE-9D6E-8370D96D1CAD}"
EndProject
Project("{FAE04EC0-301F-11D3-BF4B-00C04F79EFBC}") = "Composite", "Composite\Composite.csproj", "{F9F780C3-5AC6-4E21-B3A9-C1C2CBE8DC76}"
EndProject
Global
	GlobalSection(SolutionConfigurationPlatforms) = preSolution
		Debug|Any CPU = Debug|Any CPU
		Release|Any CPU = Release|Any CPU
	EndGlobalSection
	GlobalSection(ProjectConfigurationPlatforms) = postSolution
		{09E99D14-4DD7-4C87-AD3D-2631A7D5E9C4}.Debug|Any CPU.ActiveCfg = Debug|Any CPU
		{09E99D14-4DD7-4C87-AD3D-2631A7D5E9C4}.Debug|Any CPU.Build.0 = Debug|Any CPU
		{09E99D14-4DD7-4C87-AD3D-2631A7D5E9C4}.Release|Any CPU.ActiveCfg = Release|Any CPU
		{09E99D14-4DD7-4C87-AD3D-2631A7D5E9C4}.Release|Any CPU.Build.0 = Release|Any CPU
		{121549D2-C291-4B96-A621-861B7ECB9118}.Debug|Any CPU.ActiveCfg = Debug|Any CPU
		{121549D2-C291-4B96-A621-861B7ECB9118}.Debug|Any CPU.Build.0 = Debug|Any CPU
		{121549D2-C291-4B96-A621-861B7ECB9118}.Release|Any CPU.ActiveCfg = Release|Any CPU
		{121549D2-C291-4B96-A621-861B7ECB9118}.Release|Any CPU.Build.0 = Release|Any CPU
		{49652A29-DEAF-401D-AF80-A88CD41404F1}.Debug|Any CPU.ActiveCfg = Debug|Any CPU
		{49652A29-DEAF-401D-AF80-A88CD41404F1}.Debug|Any CPU.Build.0 = Debug|Any CPU
		{49652A29-DEAF-401D-AF80-A88CD41404F1}.Release|Any CPU.ActiveCfg = Release|Any CPU
		{49652A29-DEAF-401D-AF80-A88CD41404F1}.Release|Any CPU.Build.0 = Release|Any CPU
		{1F6B63A9-8648-4EE3-BE8E-FD20A711E8D4}.Debug|Any CPU.ActiveCfg = Debug|Any CPU
		{1F6B63A9-8648-4EE3-BE8E-FD20A711E8D4}.Debug|Any CPU.Build.0 = Debug|Any CPU
		{1F6B63A9-8648-4EE3-BE8E-FD20A711E8D4}.Release|Any CPU.ActiveCfg = Release|Any CPU
		{1F6B63A9-8648-4EE3-BE8E-FD20A711E8D4}.Release|Any CPU.Build.0 = Release|Any CPU
		{B992A7A4-C230-4172-A492-01376B3C4464}.Debug|Any CPU.ActiveCfg = Debug|Any CPU
		{B992A7A4-C230-4172-A492-01376B3C4464}.Debug|Any CPU.Build.0 = Debug|Any CPU
		{B992A7A4-C230-4172-A492-01376B3C4464}.Release|Any CPU.ActiveCfg = Release|Any CPU
		{B992A7A4-C230-4172-A492-01376B3C4464}.Release|Any CPU.Build.0 = Release|Any CPU
		{9E368FA9-1FD8-47C8-BAC3-02BD097D2431}.Debug|Any CPU.ActiveCfg = Debug|Any CPU
		{9E368FA9-1FD8-47C8-BAC3-02BD097D2431}.Debug|Any CPU.Build.0 = Debug|Any CPU
		{9E368FA9-1FD8-47C8-BAC3-02BD097D2431}.Release|Any CPU.ActiveCfg = Release|Any CPU
		{9E368FA9-1FD8-47C8-BAC3-02BD097D2431}.Release|Any CPU.Build.0 = Release|Any CPU
		{CE7EE38E-B1CC-43F7-A15A-C81592666917}.Debug|Any CPU.ActiveCfg = Debug|Any CPU
		{CE7EE38E-B1CC-43F7-A15A-C81592666917}.Debug|Any CPU.Build.0 = Debug|Any CPU
		{CE7EE38E-B1CC-43F7-A15A-C81592666917}.Release|Any CPU.ActiveCfg = Release|Any CPU
		{CE7EE38E-B1CC-43F7-A15A-C81592666917}.Release|Any CPU.Build.0 = Release|Any CPU
		{8F5028F0-A3E6-4648-BD91-E7DB2F4CD2AD}.Debug|Any CPU.ActiveCfg = Debug|Any CPU
		{8F5028F0-A3E6-4648-BD91-E7DB2F4CD2AD}.Debug|Any CPU.Build.0 = Debug|Any CPU
		{8F5028F0-A3E6-4648-BD91-E7DB2F4CD2AD}.Release|Any CPU.ActiveCfg = Release|Any CPU
		{8F5028F0-A3E6-4648-BD91-E7DB2F4CD2AD}.Release|Any CPU.Build.0 = Release|Any CPU
		{0881050E-8D31-4C76-B4B9-5E29A6FA54AF}.Debug|Any CPU.ActiveCfg = Debug|Any CPU
		{0881050E-8D31-4C76-B4B9-5E29A6FA54AF}.Debug|Any CPU.Build.0 = Debug|Any CPU
		{0881050E-8D31-4C76-B4B9-5E29A6FA54AF}.Release|Any CPU.ActiveCfg = Release|Any CPU
		{0881050E-8D31-4C76-B4B9-5E29A6FA54AF}.Release|Any CPU.Build.0 = Release|Any CPU
		{6F4B22DE-AC55-4E65-9AAC-5D1E886560F3}.Debug|Any CPU.ActiveCfg = Debug|Any CPU
		{6F4B22DE-AC55-4E65-9AAC-5D1E886560F3}.Debug|Any CPU.Build.0 = Debug|Any CPU
		{6F4B22DE-AC55-4E65-9AAC-5D1E886560F3}.Release|Any CPU.ActiveCfg = Release|Any CPU
		{6F4B22DE-AC55-4E65-9AAC-5D1E886560F3}.Release|Any CPU.Build.0 = Release|Any CPU
		{6C1ED01B-39AA-46AE-9D6E-8370D96D1CAD}.Debug|Any CPU.ActiveCfg = Debug|Any CPU
		{6C1ED01B-39AA-46AE-9D6E-8370D96D1CAD}.Debug|Any CPU.Build.0 = Debug|Any CPU
		{6C1ED01B-39AA-46AE-9D6E-8370D96D1CAD}.Release|Any CPU.ActiveCfg = Release|Any CPU
		{6C1ED01B-39AA-46AE-9D6E-8370D96D1CAD}.Release|Any CPU.Build.0 = Release|Any CPU
		{F9F780C3-5AC6-4E21-B3A9-C1C2CBE8DC76}.Debug|Any CPU.ActiveCfg = Debug|Any CPU
		{F9F780C3-5AC6-4E21-B3A9-C1C2CBE8DC76}.Debug|Any CPU.Build.0 = Debug|Any CPU
		{F9F780C3-5AC6-4E21-B3A9-C1C2CBE8DC76}.Release|Any CPU.ActiveCfg = Release|Any CPU
		{F9F780C3-5AC6-4E21-B3A9-C1C2CBE8DC76}.Release|Any CPU.Build.0 = Release|Any CPU
	EndGlobalSection
	GlobalSection(SolutionProperties) = preSolution
		HideSolutionNode = FALSE
	EndGlobalSection
	GlobalSection(ExtensibilityGlobals) = postSolution
		SolutionGuid = {57F38290-B52D-4322-BD23-BD2DD6E02538}
	EndGlobalSection
EndGlobal
